<?xml version="1.0" encoding="utf-8"?>
<Project ToolsVersion="4.0" xmlns="http://schemas.microsoft.com/developer/msbuild/2003">
  <ItemGroup>
    <Filter Include="General">
      <UniqueIdentifier>{4FC737F1-C7A5-4376-A066-2A32D752A2FF}</UniqueIdentifier>
      <Extensions>cpp;c;cc;cxx;def;odl;idl;hpj;bat;asm;asmx</Extensions>
    </Filter>
    <Filter Include="Gameplay">
      <UniqueIdentifier>{d6433d28-e2d9-4115-ba36-df61c7c234e0}</UniqueIdentifier>
    </Filter>
    <Filter Include="Data">
      <UniqueIdentifier>{12fd20d9-bc4c-4bf5-99c0-b4c88569c541}</UniqueIdentifier>
    </Filter>
    <Filter Include="Config">
      <UniqueIdentifier>{66b85156-c959-4d10-92de-96cbd6e4d6d1}</UniqueIdentifier>
    </Filter>
    <Filter Include="Data\Maps">
      <UniqueIdentifier>{422bda9d-66f2-4b06-8139-261ba454c976}</UniqueIdentifier>
    </Filter>
  </ItemGroup>
  <ItemGroup>
    <ClCompile Include="Main_Win32.cpp">
      <Filter>General</Filter>
    </ClCompile>
    <ClCompile Include="App.cpp">
      <Filter>General</Filter>
    </ClCompile>
    <ClCompile Include="Game.cpp">
      <Filter>Gameplay</Filter>
    </ClCompile>
    <ClCompile Include="GameCommon.cpp">
      <Filter>General</Filter>
    </ClCompile>
    <ClCompile Include="Inventory.cpp">
      <Filter>Gameplay</Filter>
    </ClCompile>
    <ClCompile Include="Item.cpp">
      <Filter>Gameplay</Filter>
    </ClCompile>
    <ClCompile Include="Map.cpp">
      <Filter>Gameplay</Filter>
    </ClCompile>
    <ClCompile Include="Tile.cpp">
      <Filter>Gameplay</Filter>
    </ClCompile>
    <ClCompile Include="TileDefinition.cpp">
      <Filter>Gameplay</Filter>
    </ClCompile>
    <ClCompile Include="Character.cpp">
      <Filter>Gameplay</Filter>
    </ClCompile>
    <ClCompile Include="Stats.cpp">
      <Filter>Gameplay</Filter>
    </ClCompile>
    <ClCompile Include="CharacterBuilder.cpp">
      <Filter>Gameplay</Filter>
    </ClCompile>
    <ClCompile Include="ItemDefinition.cpp">
      <Filter>Gameplay</Filter>
    </ClCompile>
    <ClCompile Include="Behavior.cpp">
      <Filter>Gameplay</Filter>
    </ClCompile>
    <ClCompile Include="FleeBehavior.cpp">
      <Filter>Gameplay</Filter>
    </ClCompile>
    <ClCompile Include="MapGenerator.cpp">
      <Filter>Gameplay</Filter>
    </ClCompile>
    <ClCompile Include="MapGeneratorFromFile.cpp">
      <Filter>Gameplay</Filter>
    </ClCompile>
    <ClCompile Include="MapDefinition.cpp">
      <Filter>Gameplay</Filter>
    </ClCompile>
    <ClCompile Include="AttackBehavior.cpp">
      <Filter>Gameplay</Filter>
    </ClCompile>
    <ClCompile Include="MapGeneratorPerlinNoise.cpp">
      <Filter>Gameplay</Filter>
    </ClCompile>
    <ClCompile Include="Camera3D.cpp">
      <Filter>General</Filter>
    </ClCompile>
    <ClCompile Include="AbilityDefinition.cpp">
      <Filter>Gameplay</Filter>
    </ClCompile>
    <ClCompile Include="WaitBehavior.cpp">
      <Filter>Gameplay</Filter>
    </ClCompile>
    <ClCompile Include="CloseToAttackBehavior.cpp">
      <Filter>Gameplay</Filter>
    </ClCompile>
    <ClCompile Include="AbilityBehavior.cpp">
      <Filter>Gameplay</Filter>
    </ClCompile>
    <ClCompile Include="StatusEffect.cpp">
      <Filter>Gameplay</Filter>
    </ClCompile>
    <ClCompile Include="GameSession.cpp">
      <Filter>Gameplay</Filter>
    </ClCompile>
  </ItemGroup>
  <ItemGroup>
    <ClInclude Include="App.hpp">
      <Filter>General</Filter>
    </ClInclude>
    <ClInclude Include="Game.hpp">
      <Filter>Gameplay</Filter>
    </ClInclude>
    <ClInclude Include="GameCommon.hpp">
      <Filter>General</Filter>
    </ClInclude>
    <ClInclude Include="Inventory.hpp">
      <Filter>Gameplay</Filter>
    </ClInclude>
    <ClInclude Include="Item.hpp">
      <Filter>Gameplay</Filter>
    </ClInclude>
    <ClInclude Include="Map.hpp">
      <Filter>Gameplay</Filter>
    </ClInclude>
    <ClInclude Include="Tile.hpp">
      <Filter>Gameplay</Filter>
    </ClInclude>
    <ClInclude Include="TileDefinition.hpp">
      <Filter>Gameplay</Filter>
    </ClInclude>
    <ClInclude Include="Stats.hpp">
      <Filter>Gameplay</Filter>
    </ClInclude>
    <ClInclude Include="CharacterBuilder.hpp">
      <Filter>Gameplay</Filter>
    </ClInclude>
    <ClInclude Include="ItemDefinition.hpp">
      <Filter>Gameplay</Filter>
    </ClInclude>
    <ClInclude Include="Behavior.hpp">
      <Filter>Gameplay</Filter>
    </ClInclude>
    <ClInclude Include="FleeBehavior.hpp">
      <Filter>Gameplay</Filter>
    </ClInclude>
    <ClInclude Include="Message.hpp">
      <Filter>Gameplay</Filter>
    </ClInclude>
    <ClInclude Include="MapGenerator.hpp">
      <Filter>Gameplay</Filter>
    </ClInclude>
    <ClInclude Include="MapGeneratorFromFile.hpp">
      <Filter>Gameplay</Filter>
    </ClInclude>
    <ClInclude Include="MapDefinition.hpp">
      <Filter>Gameplay</Filter>
    </ClInclude>
    <ClInclude Include="AttackBehavior.hpp">
      <Filter>Gameplay</Filter>
    </ClInclude>
    <ClInclude Include="MapGeneratorPerlinNoise.hpp">
      <Filter>Gameplay</Filter>
    </ClInclude>
    <ClInclude Include="Character.hpp">
      <Filter>Gameplay</Filter>
    </ClInclude>
    <ClInclude Include="Camera3D.hpp">
      <Filter>General</Filter>
    </ClInclude>
    <ClInclude Include="AbilityDefinition.hpp">
      <Filter>Gameplay</Filter>
    </ClInclude>
    <ClInclude Include="WaitBehavior.hpp">
      <Filter>Gameplay</Filter>
    </ClInclude>
    <ClInclude Include="CloseToAttackBehavior.hpp">
      <Filter>Gameplay</Filter>
    </ClInclude>
    <ClInclude Include="AbilityBehavior.hpp">
      <Filter>Gameplay</Filter>
    </ClInclude>
    <ClInclude Include="StatusEffect.hpp">
      <Filter>Gameplay</Filter>
    </ClInclude>
    <ClInclude Include="GameSession.hpp">
      <Filter>Gameplay</Filter>
    </ClInclude>
  </ItemGroup>
  <ItemGroup>
    <Xml Include="..\..\Run_Win32\Data\Gameplay\Characters.xml">
      <Filter>Data</Filter>
    </Xml>
    <Xml Include="..\..\Run_Win32\Data\Gameplay\Items.xml">
      <Filter>Data</Filter>
    </Xml>
    <Xml Include="..\..\Run_Win32\Data\Gameplay\Tiles.xml">
      <Filter>Data</Filter>
    </Xml>
    <Xml Include="..\..\Run_Win32\Data\Gameplay\Features.xml">
      <Filter>Data</Filter>
    </Xml>
    <Xml Include="..\..\Run_Win32\Data\Gameplay\GameConstants.xml">
      <Filter>Data</Filter>
    </Xml>
    <Xml Include="..\..\Run_Win32\Data\Gameplay\Maps\TestMap.xml">
      <Filter>Data\Maps</Filter>
    </Xml>
    <Xml Include="..\..\Run_Win32\Data\Gameplay\Maps.xml">
      <Filter>Data</Filter>
    </Xml>
    <Xml Include="..\..\Run_Win32\Data\Gameplay\Abilities.xml">
      <Filter>Data</Filter>
    </Xml>
    <Xml Include="..\..\Run_Win32\Data\Gameplay\Particles.xml">
      <Filter>Data</Filter>
    </Xml>
  </ItemGroup>
  <ItemGroup>
    <None Include="..\..\Run_Win32\Tactics.config">
      <Filter>Config</Filter>
    </None>
  </ItemGroup>
</Project>